
Microsoft Visual Studio Solution File, Format Version 12.00
# Visual Studio Version 17
VisualStudioVersion = 17.11.35327.3
MinimumVisualStudioVersion = 10.0.40219.1
Project("{FAE04EC0-301F-11D3-BF4B-00C04F79EFBC}") = "Webbandienthoai", "Webbandienthoai\Webbandienthoai.csproj", "{0804DE0B-2466-4DA3-A816-1395DF78BC90}"
EndProject
Global
	GlobalSection(SolutionConfigurationPlatforms) = preSolution
		Debug|Any CPU = Debug|Any CPU
		Release|Any CPU = Release|Any CPU
	EndGlobalSection
	GlobalSection(ProjectConfigurationPlatforms) = postSolution
		{0804DE0B-2466-4DA3-A816-1395DF78BC90}.Debug|Any CPU.ActiveCfg = Debug|Any CPU
		{0804DE0B-2466-4DA3-A816-1395DF78BC90}.Debug|Any CPU.Build.0 = Debug|Any CPU
		{0804DE0B-2466-4DA3-A816-1395DF78BC90}.Release|Any CPU.ActiveCfg = Release|Any CPU
		{0804DE0B-2466-4DA3-A816-1395DF78BC90}.Release|Any CPU.Build.0 = Release|Any CPU
	EndGlobalSection
	GlobalSection(SolutionProperties) = preSolution
		HideSolutionNode = FALSE
	EndGlobalSection
	GlobalSection(ExtensibilityGlobals) = postSolution
		SolutionGuid = {7F9229C5-78C3-4FE7-B4FF-57A7BAFD7497}
	EndGlobalSection
EndGlobal
